
Microsoft Visual Studio Solution File, Format Version 12.00
# Visual Studio Version 17
VisualStudioVersion = 17.0.31903.59
MinimumVisualStudioVersion = 10.0.40219.1
Project("{2150E333-8FDC-42A3-9474-1A3956D46DE8}") = "src", "src", "{827E0CD3-B72D-47B6-A68D-7590B98EB39B}"
EndProject
Project("{FAE04EC0-301F-11D3-BF4B-00C04F79EFBC}") = "AFH.Common.Errors", "src\AFH.Common.Errors\AFH.Common.Errors.csproj", "{F41CE19C-F74B-4B86-8189-5BA73EEF0E4B}"
EndProject
Project("{FAE04EC0-301F-11D3-BF4B-00C04F79EFBC}") = "AFH.Common.Errors.AzureFunctions", "src\AFH.Common.Errors.AzureFunctions\AFH.Common.Errors.AzureFunctions.csproj", "{2283574B-53C8-45FF-9724-7A2C690E2D65}"
EndProject
Project("{FAE04EC0-301F-11D3-BF4B-00C04F79EFBC}") = "AFH.Common.Errors.ApplicationInsights", "src\AFH.Common.Errors.ApplicationInsights\AFH.Common.Errors.ApplicationInsights.csproj", "{D96A4930-F388-4A4D-A040-CC27E33D6290}"
EndProject
Project("{FAE04EC0-301F-11D3-BF4B-00C04F79EFBC}") = "AFH.Common.Errors.Email", "src\AFH.Common.Errors.Email\AFH.Common.Errors.Email.csproj", "{875AE9B5-93A0-459B-9B86-F2FFAD28B5E7}"
EndProject
Project("{FAE04EC0-301F-11D3-BF4B-00C04F79EFBC}") = "AFH.Common.Errors.EntityFramework", "src\AFH.Common.Errors.EntityFramework\AFH.Common.Errors.EntityFramework.csproj", "{7579FC38-8C49-40E4-BF40-B8C1FAB06792}"
EndProject
Project("{2150E333-8FDC-42A3-9474-1A3956D46DE8}") = "tests", "tests", "{0AB3BF05-4346-4AA6-1389-037BE0695223}"
EndProject
Project("{FAE04EC0-301F-11D3-BF4B-00C04F79EFBC}") = "AFH.Common.Errors.Tests", "tests\AFH.Common.Errors.Tests\AFH.Common.Errors.Tests.csproj", "{BE1A87FB-2DDF-4355-88A0-F67CEA0BE20F}"
EndProject
Project("{FAE04EC0-301F-11D3-BF4B-00C04F79EFBC}") = "AFH.Common.Errors.AzureFunctions.Tests", "tests\AFH.Common.Errors.AzureFunctions.Tests\AFH.Common.Errors.AzureFunctions.Tests.csproj", "{BC9C0EAE-77DC-45F6-867C-C2C0F281F3DD}"
EndProject
Project("{FAE04EC0-301F-11D3-BF4B-00C04F79EFBC}") = "AFH.Common.Errors.ApplicationInsights.Tests", "tests\AFH.Common.Errors.ApplicationInsights.Tests\AFH.Common.Errors.ApplicationInsights.Tests.csproj", "{FEC7A6B9-ED86-4FCB-8594-DAD6F0AD7A2B}"
EndProject
Project("{FAE04EC0-301F-11D3-BF4B-00C04F79EFBC}") = "AFH.Common.Errors.Email.Tests", "tests\AFH.Common.Errors.Email.Tests\AFH.Common.Errors.Email.Tests.csproj", "{1564C976-1834-4BA0-B3AF-2CD7EDB8B099}"
EndProject
Project("{FAE04EC0-301F-11D3-BF4B-00C04F79EFBC}") = "AFH.Common.Errors.EntityFramework.Tests", "tests\AFH.Common.Errors.EntityFramework.Tests\AFH.Common.Errors.EntityFramework.Tests.csproj", "{F9E25AE7-37C0-4632-8F6C-6909797100DA}"
EndProject
Global
	GlobalSection(SolutionConfigurationPlatforms) = preSolution
		Debug|Any CPU = Debug|Any CPU
		Debug|x64 = Debug|x64
		Debug|x86 = Debug|x86
		Release|Any CPU = Release|Any CPU
		Release|x64 = Release|x64
		Release|x86 = Release|x86
	EndGlobalSection
	GlobalSection(ProjectConfigurationPlatforms) = postSolution
		{F41CE19C-F74B-4B86-8189-5BA73EEF0E4B}.Debug|Any CPU.ActiveCfg = Debug|Any CPU
		{F41CE19C-F74B-4B86-8189-5BA73EEF0E4B}.Debug|Any CPU.Build.0 = Debug|Any CPU
		{F41CE19C-F74B-4B86-8189-5BA73EEF0E4B}.Debug|x64.ActiveCfg = Debug|Any CPU
		{F41CE19C-F74B-4B86-8189-5BA73EEF0E4B}.Debug|x64.Build.0 = Debug|Any CPU
		{F41CE19C-F74B-4B86-8189-5BA73EEF0E4B}.Debug|x86.ActiveCfg = Debug|Any CPU
		{F41CE19C-F74B-4B86-8189-5BA73EEF0E4B}.Debug|x86.Build.0 = Debug|Any CPU
		{F41CE19C-F74B-4B86-8189-5BA73EEF0E4B}.Release|Any CPU.ActiveCfg = Release|Any CPU
		{F41CE19C-F74B-4B86-8189-5BA73EEF0E4B}.Release|Any CPU.Build.0 = Release|Any CPU
		{F41CE19C-F74B-4B86-8189-5BA73EEF0E4B}.Release|x64.ActiveCfg = Release|Any CPU
		{F41CE19C-F74B-4B86-8189-5BA73EEF0E4B}.Release|x64.Build.0 = Release|Any CPU
		{F41CE19C-F74B-4B86-8189-5BA73EEF0E4B}.Release|x86.ActiveCfg = Release|Any CPU
		{F41CE19C-F74B-4B86-8189-5BA73EEF0E4B}.Release|x86.Build.0 = Release|Any CPU
		{2283574B-53C8-45FF-9724-7A2C690E2D65}.Debug|Any CPU.ActiveCfg = Debug|Any CPU
		{2283574B-53C8-45FF-9724-7A2C690E2D65}.Debug|Any CPU.Build.0 = Debug|Any CPU
		{2283574B-53C8-45FF-9724-7A2C690E2D65}.Debug|x64.ActiveCfg = Debug|Any CPU
		{2283574B-53C8-45FF-9724-7A2C690E2D65}.Debug|x64.Build.0 = Debug|Any CPU
		{2283574B-53C8-45FF-9724-7A2C690E2D65}.Debug|x86.ActiveCfg = Debug|Any CPU
		{2283574B-53C8-45FF-9724-7A2C690E2D65}.Debug|x86.Build.0 = Debug|Any CPU
		{2283574B-53C8-45FF-9724-7A2C690E2D65}.Release|Any CPU.ActiveCfg = Release|Any CPU
		{2283574B-53C8-45FF-9724-7A2C690E2D65}.Release|Any CPU.Build.0 = Release|Any CPU
		{2283574B-53C8-45FF-9724-7A2C690E2D65}.Release|x64.ActiveCfg = Release|Any CPU
		{2283574B-53C8-45FF-9724-7A2C690E2D65}.Release|x64.Build.0 = Release|Any CPU
		{2283574B-53C8-45FF-9724-7A2C690E2D65}.Release|x86.ActiveCfg = Release|Any CPU
		{2283574B-53C8-45FF-9724-7A2C690E2D65}.Release|x86.Build.0 = Release|Any CPU
		{D96A4930-F388-4A4D-A040-CC27E33D6290}.Debug|Any CPU.ActiveCfg = Debug|Any CPU
		{D96A4930-F388-4A4D-A040-CC27E33D6290}.Debug|Any CPU.Build.0 = Debug|Any CPU
		{D96A4930-F388-4A4D-A040-CC27E33D6290}.Debug|x64.ActiveCfg = Debug|Any CPU
		{D96A4930-F388-4A4D-A040-CC27E33D6290}.Debug|x64.Build.0 = Debug|Any CPU
		{D96A4930-F388-4A4D-A040-CC27E33D6290}.Debug|x86.ActiveCfg = Debug|Any CPU
		{D96A4930-F388-4A4D-A040-CC27E33D6290}.Debug|x86.Build.0 = Debug|Any CPU
		{D96A4930-F388-4A4D-A040-CC27E33D6290}.Release|Any CPU.ActiveCfg = Release|Any CPU
		{D96A4930-F388-4A4D-A040-CC27E33D6290}.Release|Any CPU.Build.0 = Release|Any CPU
		{D96A4930-F388-4A4D-A040-CC27E33D6290}.Release|x64.ActiveCfg = Release|Any CPU
		{D96A4930-F388-4A4D-A040-CC27E33D6290}.Release|x64.Build.0 = Release|Any CPU
		{D96A4930-F388-4A4D-A040-CC27E33D6290}.Release|x86.ActiveCfg = Release|Any CPU
		{D96A4930-F388-4A4D-A040-CC27E33D6290}.Release|x86.Build.0 = Release|Any CPU
		{875AE9B5-93A0-459B-9B86-F2FFAD28B5E7}.Debug|Any CPU.ActiveCfg = Debug|Any CPU
		{875AE9B5-93A0-459B-9B86-F2FFAD28B5E7}.Debug|Any CPU.Build.0 = Debug|Any CPU
		{875AE9B5-93A0-459B-9B86-F2FFAD28B5E7}.Debug|x64.ActiveCfg = Debug|Any CPU
		{875AE9B5-93A0-459B-9B86-F2FFAD28B5E7}.Debug|x64.Build.0 = Debug|Any CPU
		{875AE9B5-93A0-459B-9B86-F2FFAD28B5E7}.Debug|x86.ActiveCfg = Debug|Any CPU
		{875AE9B5-93A0-459B-9B86-F2FFAD28B5E7}.Debug|x86.Build.0 = Debug|Any CPU
		{875AE9B5-93A0-459B-9B86-F2FFAD28B5E7}.Release|Any CPU.ActiveCfg = Release|Any CPU
		{875AE9B5-93A0-459B-9B86-F2FFAD28B5E7}.Release|Any CPU.Build.0 = Release|Any CPU
		{875AE9B5-93A0-459B-9B86-F2FFAD28B5E7}.Release|x64.ActiveCfg = Release|Any CPU
		{875AE9B5-93A0-459B-9B86-F2FFAD28B5E7}.Release|x64.Build.0 = Release|Any CPU
		{875AE9B5-93A0-459B-9B86-F2FFAD28B5E7}.Release|x86.ActiveCfg = Release|Any CPU
		{875AE9B5-93A0-459B-9B86-F2FFAD28B5E7}.Release|x86.Build.0 = Release|Any CPU
		{7579FC38-8C49-40E4-BF40-B8C1FAB06792}.Debug|Any CPU.ActiveCfg = Debug|Any CPU
		{7579FC38-8C49-40E4-BF40-B8C1FAB06792}.Debug|Any CPU.Build.0 = Debug|Any CPU
		{7579FC38-8C49-40E4-BF40-B8C1FAB06792}.Debug|x64.ActiveCfg = Debug|Any CPU
		{7579FC38-8C49-40E4-BF40-B8C1FAB06792}.Debug|x64.Build.0 = Debug|Any CPU
		{7579FC38-8C49-40E4-BF40-B8C1FAB06792}.Debug|x86.ActiveCfg = Debug|Any CPU
		{7579FC38-8C49-40E4-BF40-B8C1FAB06792}.Debug|x86.Build.0 = Debug|Any CPU
		{7579FC38-8C49-40E4-BF40-B8C1FAB06792}.Release|Any CPU.ActiveCfg = Release|Any CPU
		{7579FC38-8C49-40E4-BF40-B8C1FAB06792}.Release|Any CPU.Build.0 = Release|Any CPU
		{7579FC38-8C49-40E4-BF40-B8C1FAB06792}.Release|x64.ActiveCfg = Release|Any CPU
		{7579FC38-8C49-40E4-BF40-B8C1FAB06792}.Release|x64.Build.0 = Release|Any CPU
		{7579FC38-8C49-40E4-BF40-B8C1FAB06792}.Release|x86.ActiveCfg = Release|Any CPU
		{7579FC38-8C49-40E4-BF40-B8C1FAB06792}.Release|x86.Build.0 = Release|Any CPU
		{BE1A87FB-2DDF-4355-88A0-F67CEA0BE20F}.Debug|Any CPU.ActiveCfg = Debug|Any CPU
		{BE1A87FB-2DDF-4355-88A0-F67CEA0BE20F}.Debug|Any CPU.Build.0 = Debug|Any CPU
		{BE1A87FB-2DDF-4355-88A0-F67CEA0BE20F}.Debug|x64.ActiveCfg = Debug|Any CPU
		{BE1A87FB-2DDF-4355-88A0-F67CEA0BE20F}.Debug|x64.Build.0 = Debug|Any CPU
		{BE1A87FB-2DDF-4355-88A0-F67CEA0BE20F}.Debug|x86.ActiveCfg = Debug|Any CPU
		{BE1A87FB-2DDF-4355-88A0-F67CEA0BE20F}.Debug|x86.Build.0 = Debug|Any CPU
		{BE1A87FB-2DDF-4355-88A0-F67CEA0BE20F}.Release|Any CPU.ActiveCfg = Release|Any CPU
		{BE1A87FB-2DDF-4355-88A0-F67CEA0BE20F}.Release|Any CPU.Build.0 = Release|Any CPU
		{BE1A87FB-2DDF-4355-88A0-F67CEA0BE20F}.Release|x64.ActiveCfg = Release|Any CPU
		{BE1A87FB-2DDF-4355-88A0-F67CEA0BE20F}.Release|x64.Build.0 = Release|Any CPU
		{BE1A87FB-2DDF-4355-88A0-F67CEA0BE20F}.Release|x86.ActiveCfg = Release|Any CPU
		{BE1A87FB-2DDF-4355-88A0-F67CEA0BE20F}.Release|x86.Build.0 = Release|Any CPU
		{BC9C0EAE-77DC-45F6-867C-C2C0F281F3DD}.Debug|Any CPU.ActiveCfg = Debug|Any CPU
		{BC9C0EAE-77DC-45F6-867C-C2C0F281F3DD}.Debug|Any CPU.Build.0 = Debug|Any CPU
		{BC9C0EAE-77DC-45F6-867C-C2C0F281F3DD}.Debug|x64.ActiveCfg = Debug|Any CPU
		{BC9C0EAE-77DC-45F6-867C-C2C0F281F3DD}.Debug|x64.Build.0 = Debug|Any CPU
		{BC9C0EAE-77DC-45F6-867C-C2C0F281F3DD}.Debug|x86.ActiveCfg = Debug|Any CPU
		{BC9C0EAE-77DC-45F6-867C-C2C0F281F3DD}.Debug|x86.Build.0 = Debug|Any CPU
		{BC9C0EAE-77DC-45F6-867C-C2C0F281F3DD}.Release|Any CPU.ActiveCfg = Release|Any CPU
		{BC9C0EAE-77DC-45F6-867C-C2C0F281F3DD}.Release|Any CPU.Build.0 = Release|Any CPU
		{BC9C0EAE-77DC-45F6-867C-C2C0F281F3DD}.Release|x64.ActiveCfg = Release|Any CPU
		{BC9C0EAE-77DC-45F6-867C-C2C0F281F3DD}.Release|x64.Build.0 = Release|Any CPU
		{BC9C0EAE-77DC-45F6-867C-C2C0F281F3DD}.Release|x86.ActiveCfg = Release|Any CPU
		{BC9C0EAE-77DC-45F6-867C-C2C0F281F3DD}.Release|x86.Build.0 = Release|Any CPU
		{FEC7A6B9-ED86-4FCB-8594-DAD6F0AD7A2B}.Debug|Any CPU.ActiveCfg = Debug|Any CPU
		{FEC7A6B9-ED86-4FCB-8594-DAD6F0AD7A2B}.Debug|Any CPU.Build.0 = Debug|Any CPU
		{FEC7A6B9-ED86-4FCB-8594-DAD6F0AD7A2B}.Debug|x64.ActiveCfg = Debug|Any CPU
		{FEC7A6B9-ED86-4FCB-8594-DAD6F0AD7A2B}.Debug|x64.Build.0 = Debug|Any CPU
		{FEC7A6B9-ED86-4FCB-8594-DAD6F0AD7A2B}.Debug|x86.ActiveCfg = Debug|Any CPU
		{FEC7A6B9-ED86-4FCB-8594-DAD6F0AD7A2B}.Debug|x86.Build.0 = Debug|Any CPU
		{FEC7A6B9-ED86-4FCB-8594-DAD6F0AD7A2B}.Release|Any CPU.ActiveCfg = Release|Any CPU
		{FEC7A6B9-ED86-4FCB-8594-DAD6F0AD7A2B}.Release|Any CPU.Build.0 = Release|Any CPU
		{FEC7A6B9-ED86-4FCB-8594-DAD6F0AD7A2B}.Release|x64.ActiveCfg = Release|Any CPU
		{FEC7A6B9-ED86-4FCB-8594-DAD6F0AD7A2B}.Release|x64.Build.0 = Release|Any CPU
		{FEC7A6B9-ED86-4FCB-8594-DAD6F0AD7A2B}.Release|x86.ActiveCfg = Release|Any CPU
		{FEC7A6B9-ED86-4FCB-8594-DAD6F0AD7A2B}.Release|x86.Build.0 = Release|Any CPU
		{1564C976-1834-4BA0-B3AF-2CD7EDB8B099}.Debug|Any CPU.ActiveCfg = Debug|Any CPU
		{1564C976-1834-4BA0-B3AF-2CD7EDB8B099}.Debug|Any CPU.Build.0 = Debug|Any CPU
		{1564C976-1834-4BA0-B3AF-2CD7EDB8B099}.Debug|x64.ActiveCfg = Debug|Any CPU
		{1564C976-1834-4BA0-B3AF-2CD7EDB8B099}.Debug|x64.Build.0 = Debug|Any CPU
		{1564C976-1834-4BA0-B3AF-2CD7EDB8B099}.Debug|x86.ActiveCfg = Debug|Any CPU
		{1564C976-1834-4BA0-B3AF-2CD7EDB8B099}.Debug|x86.Build.0 = Debug|Any CPU
		{1564C976-1834-4BA0-B3AF-2CD7EDB8B099}.Release|Any CPU.ActiveCfg = Release|Any CPU
		{1564C976-1834-4BA0-B3AF-2CD7EDB8B099}.Release|Any CPU.Build.0 = Release|Any CPU
		{1564C976-1834-4BA0-B3AF-2CD7EDB8B099}.Release|x64.ActiveCfg = Release|Any CPU
		{1564C976-1834-4BA0-B3AF-2CD7EDB8B099}.Release|x64.Build.0 = Release|Any CPU
		{1564C976-1834-4BA0-B3AF-2CD7EDB8B099}.Release|x86.ActiveCfg = Release|Any CPU
		{1564C976-1834-4BA0-B3AF-2CD7EDB8B099}.Release|x86.Build.0 = Release|Any CPU
		{F9E25AE7-37C0-4632-8F6C-6909797100DA}.Debug|Any CPU.ActiveCfg = Debug|Any CPU
		{F9E25AE7-37C0-4632-8F6C-6909797100DA}.Debug|Any CPU.Build.0 = Debug|Any CPU
		{F9E25AE7-37C0-4632-8F6C-6909797100DA}.Debug|x64.ActiveCfg = Debug|Any CPU
		{F9E25AE7-37C0-4632-8F6C-6909797100DA}.Debug|x64.Build.0 = Debug|Any CPU
		{F9E25AE7-37C0-4632-8F6C-6909797100DA}.Debug|x86.ActiveCfg = Debug|Any CPU
		{F9E25AE7-37C0-4632-8F6C-6909797100DA}.Debug|x86.Build.0 = Debug|Any CPU
		{F9E25AE7-37C0-4632-8F6C-6909797100DA}.Release|Any CPU.ActiveCfg = Release|Any CPU
		{F9E25AE7-37C0-4632-8F6C-6909797100DA}.Release|Any CPU.Build.0 = Release|Any CPU
		{F9E25AE7-37C0-4632-8F6C-6909797100DA}.Release|x64.ActiveCfg = Release|Any CPU
		{F9E25AE7-37C0-4632-8F6C-6909797100DA}.Release|x64.Build.0 = Release|Any CPU
		{F9E25AE7-37C0-4632-8F6C-6909797100DA}.Release|x86.ActiveCfg = Release|Any CPU
		{F9E25AE7-37C0-4632-8F6C-6909797100DA}.Release|x86.Build.0 = Release|Any CPU
	EndGlobalSection
	GlobalSection(SolutionProperties) = preSolution
		HideSolutionNode = FALSE
	EndGlobalSection
	GlobalSection(NestedProjects) = preSolution
		{F41CE19C-F74B-4B86-8189-5BA73EEF0E4B} = {827E0CD3-B72D-47B6-A68D-7590B98EB39B}
		{2283574B-53C8-45FF-9724-7A2C690E2D65} = {827E0CD3-B72D-47B6-A68D-7590B98EB39B}
		{D96A4930-F388-4A4D-A040-CC27E33D6290} = {827E0CD3-B72D-47B6-A68D-7590B98EB39B}
		{875AE9B5-93A0-459B-9B86-F2FFAD28B5E7} = {827E0CD3-B72D-47B6-A68D-7590B98EB39B}
		{7579FC38-8C49-40E4-BF40-B8C1FAB06792} = {827E0CD3-B72D-47B6-A68D-7590B98EB39B}
		{BE1A87FB-2DDF-4355-88A0-F67CEA0BE20F} = {0AB3BF05-4346-4AA6-1389-037BE0695223}
		{BC9C0EAE-77DC-45F6-867C-C2C0F281F3DD} = {0AB3BF05-4346-4AA6-1389-037BE0695223}
		{FEC7A6B9-ED86-4FCB-8594-DAD6F0AD7A2B} = {0AB3BF05-4346-4AA6-1389-037BE0695223}
		{1564C976-1834-4BA0-B3AF-2CD7EDB8B099} = {0AB3BF05-4346-4AA6-1389-037BE0695223}
		{F9E25AE7-37C0-4632-8F6C-6909797100DA} = {0AB3BF05-4346-4AA6-1389-037BE0695223}
	EndGlobalSection
EndGlobal
